
Microsoft Visual Studio Solution File, Format Version 12.00
# Visual Studio Version 17
VisualStudioVersion = 17.5.002.0
MinimumVisualStudioVersion = 10.0.40219.1
Project("{9A19103F-16F7-4668-BE54-9A1E7A4F7556}") = "ConsoleAppSerializationNonPublic", "ConsoleAppSerializationNonPublic.csproj", "{DD67D41C-C2F5-4EFD-B56A-C14EFECE6E97}"
EndProject
Global
	GlobalSection(SolutionConfigurationPlatforms) = preSolution
		Debug|Any CPU = Debug|Any CPU
		Release|Any CPU = Release|Any CPU
	EndGlobalSection
	GlobalSection(ProjectConfigurationPlatforms) = postSolution
		{DD67D41C-C2F5-4EFD-B56A-C14EFECE6E97}.Debug|Any CPU.ActiveCfg = Debug|Any CPU
		{DD67D41C-C2F5-4EFD-B56A-C14EFECE6E97}.Debug|Any CPU.Build.0 = Debug|Any CPU
		{DD67D41C-C2F5-4EFD-B56A-C14EFECE6E97}.Release|Any CPU.ActiveCfg = Release|Any CPU
		{DD67D41C-C2F5-4EFD-B56A-C14EFECE6E97}.Release|Any CPU.Build.0 = Release|Any CPU
	EndGlobalSection
	GlobalSection(SolutionProperties) = preSolution
		HideSolutionNode = FALSE
	EndGlobalSection
	GlobalSection(ExtensibilityGlobals) = postSolution
		SolutionGuid = {1822C880-C1C8-411F-A851-065FC212D205}
	EndGlobalSection
EndGlobal
